PODS:
  - Animatics (1.1.2)
  - AnimaticsBond (1.1.1):
    - Animatics
    - Bond
  - Bond (7.6.6):
    - Differ (~> 1.4)
    - ReactiveKit (~> 3.14)
  - Differ (1.4.5)
  - ReactiveKit (3.17.4)

DEPENDENCIES:
  - Animatics
  - AnimaticsBond (from `../`)
  - Bond

SPEC REPOS:
  trunk:
    - Animatics
    - Bond
    - Differ
    - ReactiveKit

EXTERNAL SOURCES:
  AnimaticsBond:
    :path: "../"

SPEC CHECKSUMS:
  Animatics: c50a33999bbefc71addec9b9a4eb839dfae811d9
  AnimaticsBond: 2fecf4383a0e2a87273ae05e394ceae9bd101ac1
  Bond: 9e7d901cf4ed825b6004a93dd0a7f1c7479e2834
  Differ: 3b6bd78e2b20cc795d9a86f7641d087524e4273e
  ReactiveKit: f9f9e079efa39312c597bf1508ef4810d111ce76

PODFILE CHECKSUM: 3fd8529a11cebd2983aa84c03de82193ce14ac94

COCOAPODS: 1.9.3
