PODS:
  - Animatics (1.1.2)
  - AnimaticsBond (1.1.0):
    - Animatics (~> 1.1.0)
    - Bond (~> 7.2.0)
  - Bond (7.2.1):
    - Differ (~> 1.3)
    - ReactiveKit (~> 3.9)
  - Differ (1.3.0)
  - ReactiveKit (3.9.7)

DEPENDENCIES:
  - Animatics (~> 1.1.0)
  - AnimaticsBond (from `../`)
  - Bond (~> 7.2.0)

SPEC REPOS:
  https://github.com/CocoaPods/Specs.git:
    - Animatics
    - Bond
    - Differ
    - ReactiveKit

EXTERNAL SOURCES:
  AnimaticsBond:
    :path: "../"

SPEC CHECKSUMS:
  Animatics: c50a33999bbefc71addec9b9a4eb839dfae811d9
  AnimaticsBond: 1d79a5d5f027bc2d04712f120cf7c77f3a29c619
  Bond: 663dd8da3eccadb4d7d57243499d387f9976580d
  Differ: 9fcee7602542d7c6484ce05a0faec1c11258ed63
  ReactiveKit: 5f4c440715d671901c382ae6b42ed3337ce4699b

PODFILE CHECKSUM: 49243353c67c52033bb8a73fdaa4a715375e7a75

COCOAPODS: 1.5.0
